
Microsoft Visual Studio Solution File, Format Version 12.00
# Visual Studio Version 17
VisualStudioVersion = 17.7.34221.43
MinimumVisualStudioVersion = 10.0.40219.1
Project("{FAE04EC0-301F-11D3-BF4B-00C04F79EFBC}") = "Orders", "Orders\Orders.csproj", "{663BCA84-6B13-404E-BB8E-291E56FE73DB}"
EndProject
Global
	GlobalSection(SolutionConfigurationPlatforms) = preSolution
		Debug|Any CPU = Debug|Any CPU
		Release|Any CPU = Release|Any CPU
	EndGlobalSection
	GlobalSection(ProjectConfigurationPlatforms) = postSolution
		{663BCA84-6B13-404E-BB8E-291E56FE73DB}.Debug|Any CPU.ActiveCfg = Debug|Any CPU
		{663BCA84-6B13-404E-BB8E-291E56FE73DB}.Debug|Any CPU.Build.0 = Debug|Any CPU
		{663BCA84-6B13-404E-BB8E-291E56FE73DB}.Release|Any CPU.ActiveCfg = Release|Any CPU
		{663BCA84-6B13-404E-BB8E-291E56FE73DB}.Release|Any CPU.Build.0 = Release|Any CPU
	EndGlobalSection
	GlobalSection(SolutionProperties) = preSolution
		HideSolutionNode = FALSE
	EndGlobalSection
	GlobalSection(ExtensibilityGlobals) = postSolution
		SolutionGuid = {380ACE3E-87BB-4714-B1C5-ADBE799015B3}
	EndGlobalSection
EndGlobal
